
Microsoft Visual Studio Solution File, Format Version 12.00
# Visual Studio 15
Project("{FAE04EC0-301F-11D3-BF4B-00C04F79EFBC}") = "Scripts", "Scripts.csproj", "{417AE69A-649A-9023-7C1F-D245A5C60951}"
EndProject
Project("{FAE04EC0-301F-11D3-BF4B-00C04F79EFBC}") = "DOTweenPro.EditorScripts", "DOTweenPro.EditorScripts.csproj", "{9E7F00E4-8AEB-7A48-51A1-C948205F8B19}"
EndProject
Project("{FAE04EC0-301F-11D3-BF4B-00C04F79EFBC}") = "DOTween.Modules", "DOTween.Modules.csproj", "{F1489A50-51CC-AE55-37EC-82327D85B265}"
EndProject
Project("{FAE04EC0-301F-11D3-BF4B-00C04F79EFBC}") = "Assembly-CSharp-Editor", "Assembly-CSharp-Editor.csproj", "{1B2D4D67-F5E3-C46A-FC4A-2F85F65BE12B}"
EndProject
Project("{FAE04EC0-301F-11D3-BF4B-00C04F79EFBC}") = "DOTweenPro.Scripts", "DOTweenPro.Scripts.csproj", "{A0CDCD33-3D53-60C8-4605-36D42D30B34A}"
EndProject
Global
	GlobalSection(SolutionConfigurationPlatforms) = preSolution
		Debug|Any CPU = Debug|Any CPU
		Release|Any CPU = Release|Any CPU
	EndGlobalSection
	GlobalSection(ProjectConfigurationPlatforms) = postSolution
		{417AE69A-649A-9023-7C1F-D245A5C60951}.Debug|Any CPU.ActiveCfg = Debug|Any CPU
		{417AE69A-649A-9023-7C1F-D245A5C60951}.Debug|Any CPU.Build.0 = Debug|Any CPU
		{417AE69A-649A-9023-7C1F-D245A5C60951}.Release|Any CPU.ActiveCfg = Release|Any CPU
		{417AE69A-649A-9023-7C1F-D245A5C60951}.Release|Any CPU.Build.0 = Release|Any CPU
		{9E7F00E4-8AEB-7A48-51A1-C948205F8B19}.Debug|Any CPU.ActiveCfg = Debug|Any CPU
		{9E7F00E4-8AEB-7A48-51A1-C948205F8B19}.Debug|Any CPU.Build.0 = Debug|Any CPU
		{9E7F00E4-8AEB-7A48-51A1-C948205F8B19}.Release|Any CPU.ActiveCfg = Release|Any CPU
		{9E7F00E4-8AEB-7A48-51A1-C948205F8B19}.Release|Any CPU.Build.0 = Release|Any CPU
		{F1489A50-51CC-AE55-37EC-82327D85B265}.Debug|Any CPU.ActiveCfg = Debug|Any CPU
		{F1489A50-51CC-AE55-37EC-82327D85B265}.Debug|Any CPU.Build.0 = Debug|Any CPU
		{F1489A50-51CC-AE55-37EC-82327D85B265}.Release|Any CPU.ActiveCfg = Release|Any CPU
		{F1489A50-51CC-AE55-37EC-82327D85B265}.Release|Any CPU.Build.0 = Release|Any CPU
		{1B2D4D67-F5E3-C46A-FC4A-2F85F65BE12B}.Debug|Any CPU.ActiveCfg = Debug|Any CPU
		{1B2D4D67-F5E3-C46A-FC4A-2F85F65BE12B}.Debug|Any CPU.Build.0 = Debug|Any CPU
		{1B2D4D67-F5E3-C46A-FC4A-2F85F65BE12B}.Release|Any CPU.ActiveCfg = Release|Any CPU
		{1B2D4D67-F5E3-C46A-FC4A-2F85F65BE12B}.Release|Any CPU.Build.0 = Release|Any CPU
		{A0CDCD33-3D53-60C8-4605-36D42D30B34A}.Debug|Any CPU.ActiveCfg = Debug|Any CPU
		{A0CDCD33-3D53-60C8-4605-36D42D30B34A}.Debug|Any CPU.Build.0 = Debug|Any CPU
		{A0CDCD33-3D53-60C8-4605-36D42D30B34A}.Release|Any CPU.ActiveCfg = Release|Any CPU
		{A0CDCD33-3D53-60C8-4605-36D42D30B34A}.Release|Any CPU.Build.0 = Release|Any CPU
	EndGlobalSection
	GlobalSection(SolutionProperties) = preSolution
		HideSolutionNode = FALSE
	EndGlobalSection
EndGlobal
